{
  "name": "warframebuilds",
  "version": "1.0.0",
  "lockfileVersion": 1,
  "requires": true,
  "dependencies": {
    "warframe-items": {
      "version": "1.111.0",
      "resolved": "https://registry.npmjs.org/warframe-items/-/warframe-items-1.111.0.tgz",
      "integrity": "sha512-rAWexmwdrzMrxzNBAuuBR0B8xt+QAcxDZb9IxYCxj3IfZ5N01Z4CBIETkHrwzfqNfQesP/nxKFCvz+J402DuKg=="
    }
  }
}
